// !$*UTF8*$!
{
	archiveVersion = 1;
	classes = {
	};
	objectVersion = 55;
	objects = {

/* Begin PBXBuildFile section */
		6C7C30122932141F00EFD017 /* AppDelegate.swift in Sources */ = {isa = PBXBuildFile; fileRef = 6C7C30112932141F00EFD017 /* AppDelegate.swift */; };
		6C7C30142932141F00EFD017 /* SceneDelegate.swift in Sources */ = {isa = PBXBuildFile; fileRef = 6C7C30132932141F00EFD017 /* SceneDelegate.swift */; };
		6C7C30162932141F00EFD017 /* ViewController.swift in Sources */ = {isa = PBXBuildFile; fileRef = 6C7C30152932141F00EFD017 /* ViewController.swift */; };
		6C7C301B2932142000EFD017 /* Assets.xcassets in Resources */ = {isa = PBXBuildFile; fileRef = 6C7C301A2932142000EFD017 /* Assets.xcassets */; };
		6C7C30292932142000EFD017 /* Tried_ScrollView_with_ImageViewTests.swift in Sources */ = {isa = PBXBuildFile; fileRef = 6C7C30282932142000EFD017 /* Tried_ScrollView_with_ImageViewTests.swift */; };
		6C7C30332932142000EFD017 /* Tried_ScrollView_with_ImageViewUITests.swift in Sources */ = {isa = PBXBuildFile; fileRef = 6C7C30322932142000EFD017 /* Tried_ScrollView_with_ImageViewUITests.swift */; };
		6C7C30352932142000EFD017 /* Tried_ScrollView_with_ImageViewUITestsLaunchTests.swift in Sources */ = {isa = PBXBuildFile; fileRef = 6C7C30342932142000EFD017 /* Tried_ScrollView_with_ImageViewUITestsLaunchTests.swift */; };
		6C7C304329321CA900EFD017 /* CustomImageView.swift in Sources */ = {isa = PBXBuildFile; fileRef = 6C7C304229321CA900EFD017 /* CustomImageView.swift */; };
		6C7C304529321D0F00EFD017 /* UIView+Additions.swift in Sources */ = {isa = PBXBuildFile; fileRef = 6C7C304429321D0F00EFD017 /* UIView+Additions.swift */; };
/* End PBXBuildFile section */

/* Begin PBXContainerItemProxy section */
		6C7C30252932142000EFD017 /* PBXContainerItemProxy */ = {
			isa = PBXContainerItemProxy;
			containerPortal = 6C7C30062932141F00EFD017 /* Project object */;
			proxyType = 1;
			remoteGlobalIDString = 6C7C300D2932141F00EFD017;
			remoteInfo = "Tried-ScrollView-with-ImageView";
		};
		6C7C302F2932142000EFD017 /* PBXContainerItemProxy */ = {
			isa = PBXContainerItemProxy;
			containerPortal = 6C7C30062932141F00EFD017 /* Project object */;
			proxyType = 1;
			remoteGlobalIDString = 6C7C300D2932141F00EFD017;
			remoteInfo = "Tried-ScrollView-with-ImageView";
		};
/* End PBXContainerItemProxy section */

/* Begin PBXFileReference section */
		6C7C300E2932141F00EFD017 /* Tried-ScrollView-with-ImageView.app */ = {isa = PBXFileReference; explicitFileType = wrapper.application; includeInIndex = 0; path = "Tried-ScrollView-with-ImageView.app"; sourceTree = BUILT_PRODUCTS_DIR; };
		6C7C30112932141F00EFD017 /* AppDelegate.swift */ = {isa = PBXFileReference; lastKnownFileType = sourcecode.swift; path = AppDelegate.swift; sourceTree = "<group>"; };
		6C7C30132932141F00EFD017 /* SceneDelegate.swift */ = {isa = PBXFileReference; lastKnownFileType = sourcecode.swift; path = SceneDelegate.swift; sourceTree = "<group>"; };
		6C7C30152932141F00EFD017 /* ViewController.swift */ = {isa = PBXFileReference; lastKnownFileType = sourcecode.swift; path = ViewController.swift; sourceTree = "<group>"; };
		6C7C301A2932142000EFD017 /* Assets.xcassets */ = {isa = PBXFileReference; lastKnownFileType = folder.assetcatalog; path = Assets.xcassets; sourceTree = "<group>"; };
		6C7C301F2932142000EFD017 /* Info.plist */ = {isa = PBXFileReference; lastKnownFileType = text.plist.xml; path = Info.plist; sourceTree = "<group>"; };
		6C7C30242932142000EFD017 /* Tried-ScrollView-with-ImageViewTests.xctest */ = {isa = PBXFileReference; explicitFileType = wrapper.cfbundle; includeInIndex = 0; path = "Tried-ScrollView-with-ImageViewTests.xctest"; sourceTree = BUILT_PRODUCTS_DIR; };
		6C7C30282932142000EFD017 /* Tried_ScrollView_with_ImageViewTests.swift */ = {isa = PBXFileReference; lastKnownFileType = sourcecode.swift; path = Tried_ScrollView_with_ImageViewTests.swift; sourceTree = "<group>"; };
		6C7C302E2932142000EFD017 /* Tried-ScrollView-with-ImageViewUITests.xctest */ = {isa = PBXFileReference; explicitFileType = wrapper.cfbundle; includeInIndex = 0; path = "Tried-ScrollView-with-ImageViewUITests.xctest"; sourceTree = BUILT_PRODUCTS_DIR; };
		6C7C30322932142000EFD017 /* Tried_ScrollView_with_ImageViewUITests.swift */ = {isa = PBXFileReference; lastKnownFileType = sourcecode.swift; path = Tried_ScrollView_with_ImageViewUITests.swift; sourceTree = "<group>"; };
		6C7C30342932142000EFD017 /* Tried_ScrollView_with_ImageViewUITestsLaunchTests.swift */ = {isa = PBXFileReference; lastKnownFileType = sourcecode.swift; path = Tried_ScrollView_with_ImageViewUITestsLaunchTests.swift; sourceTree = "<group>"; };
		6C7C304229321CA900EFD017 /* CustomImageView.swift */ = {isa = PBXFileReference; fileEncoding = 4; lastKnownFileType = sourcecode.swift; path = CustomImageView.swift; sourceTree = "<group>"; };
		6C7C304429321D0F00EFD017 /* UIView+Additions.swift */ = {isa = PBXFileReference; fileEncoding = 4; lastKnownFileType = sourcecode.swift; path = "UIView+Additions.swift"; sourceTree = "<group>"; };
/* End PBXFileReference section */

/* Begin PBXFrameworksBuildPhase section */
		6C7C300B2932141F00EFD017 /* Frameworks */ = {
			isa = PBXFrameworksBuildPhase;
			buildActionMask = 2147483647;
			files = (
			);
			runOnlyForDeploymentPostprocessing = 0;
		};
		6C7C30212932142000EFD017 /* Frameworks */ = {
			isa = PBXFrameworksBuildPhase;
			buildActionMask = 2147483647;
			files = (
			);
			runOnlyForDeploymentPostprocessing = 0;
		};
		6C7C302B2932142000EFD017 /* Frameworks */ = {
			isa = PBXFrameworksBuildPhase;
			buildActionMask = 2147483647;
			files = (
			);
			runOnlyForDeploymentPostprocessing = 0;
		};
/* End PBXFrameworksBuildPhase section */

/* Begin PBXGroup section */
		6C7C30052932141F00EFD017 = {
			isa = PBXGroup;
			children = (
				6C7C30102932141F00EFD017 /* Tried-ScrollView-with-ImageView */,
				6C7C30272932142000EFD017 /* Tried-ScrollView-with-ImageViewTests */,
				6C7C30312932142000EFD017 /* Tried-ScrollView-with-ImageViewUITests */,
				6C7C300F2932141F00EFD017 /* Products */,
			);
			sourceTree = "<group>";
		};
		6C7C300F2932141F00EFD017 /* Products */ = {
			isa = PBXGroup;
			children = (
				6C7C300E2932141F00EFD017 /* Tried-ScrollView-with-ImageView.app */,
				6C7C30242932142000EFD017 /* Tried-ScrollView-with-ImageViewTests.xctest */,
				6C7C302E2932142000EFD017 /* Tried-ScrollView-with-ImageViewUITests.xctest */,
			);
			name = Products;
			sourceTree = "<group>";
		};
		6C7C30102932141F00EFD017 /* Tried-ScrollView-with-ImageView */ = {
			isa = PBXGroup;
			children = (
				6C7C304129321CA900EFD017 /* Extensions */,
				6C7C30112932141F00EFD017 /* AppDelegate.swift */,
				6C7C30132932141F00EFD017 /* SceneDelegate.swift */,
				6C7C30152932141F00EFD017 /* ViewController.swift */,
				6C7C301A2932142000EFD017 /* Assets.xcassets */,
				6C7C301F2932142000EFD017 /* Info.plist */,
			);
			path = "Tried-ScrollView-with-ImageView";
			sourceTree = "<group>";
		};
		6C7C30272932142000EFD017 /* Tried-ScrollView-with-ImageViewTests */ = {
			isa = PBXGroup;
			children = (
				6C7C30282932142000EFD017 /* Tried_ScrollView_with_ImageViewTests.swift */,
			);
			path = "Tried-ScrollView-with-ImageViewTests";
			sourceTree = "<group>";
		};
		6C7C30312932142000EFD017 /* Tried-ScrollView-with-ImageViewUITests */ = {
			isa = PBXGroup;
			children = (
				6C7C30322932142000EFD017 /* Tried_ScrollView_with_ImageViewUITests.swift */,
				6C7C30342932142000EFD017 /* Tried_ScrollView_with_ImageViewUITestsLaunchTests.swift */,
			);
			path = "Tried-ScrollView-with-ImageViewUITests";
			sourceTree = "<group>";
		};
		6C7C304129321CA900EFD017 /* Extensions */ = {
			isa = PBXGroup;
			children = (
				6C7C304429321D0F00EFD017 /* UIView+Additions.swift */,
				6C7C304229321CA900EFD017 /* CustomImageView.swift */,
			);
			path = Extensions;
			sourceTree = "<group>";
		};
/* End PBXGroup section */

/* Begin PBXNativeTarget section */
		6C7C300D2932141F00EFD017 /* Tried-ScrollView-with-ImageView */ = {
			isa = PBXNativeTarget;
			buildConfigurationList = 6C7C30382932142000EFD017 /* Build configuration list for PBXNativeTarget "Tried-ScrollView-with-ImageView" */;
			buildPhases = (
				6C7C300A2932141F00EFD017 /* Sources */,
				6C7C300B2932141F00EFD017 /* Frameworks */,
				6C7C300C2932141F00EFD017 /* Resources */,
			);
			buildRules = (
			);
			dependencies = (
			);
			name = "Tried-ScrollView-with-ImageView";
			productName = "Tried-ScrollView-with-ImageView";
			productReference = 6C7C300E2932141F00EFD017 /* Tried-ScrollView-with-ImageView.app */;
			productType = "com.apple.product-type.application";
		};
		6C7C30232932142000EFD017 /* Tried-ScrollView-with-ImageViewTests */ = {
			isa = PBXNativeTarget;
			buildConfigurationList = 6C7C303B2932142000EFD017 /* Build configuration list for PBXNativeTarget "Tried-ScrollView-with-ImageViewTests" */;
			buildPhases = (
				6C7C30202932142000EFD017 /* Sources */,
				6C7C30212932142000EFD017 /* Frameworks */,
				6C7C30222932142000EFD017 /* Resources */,
			);
			buildRules = (
			);
			dependencies = (
				6C7C30262932142000EFD017 /* PBXTargetDependency */,
			);
			name = "Tried-ScrollView-with-ImageViewTests";
			productName = "Tried-ScrollView-with-ImageViewTests";
			productReference = 6C7C30242932142000EFD017 /* Tried-ScrollView-with-ImageViewTests.xctest */;
			productType = "com.apple.product-type.bundle.unit-test";
		};
		6C7C302D2932142000EFD017 /* Tried-ScrollView-with-ImageViewUITests */ = {
			isa = PBXNativeTarget;
			buildConfigurationList = 6C7C303E2932142000EFD017 /* Build configuration list for PBXNativeTarget "Tried-ScrollView-with-ImageViewUITests" */;
			buildPhases = (
				6C7C302A2932142000EFD017 /* Sources */,
				6C7C302B2932142000EFD017 /* Frameworks */,
				6C7C302C2932142000EFD017 /* Resources */,
			);
			buildRules = (
			);
			dependencies = (
				6C7C30302932142000EFD017 /* PBXTargetDependency */,
			);
			name = "Tried-ScrollView-with-ImageViewUITests";
			productName = "Tried-ScrollView-with-ImageViewUITests";
			productReference = 6C7C302E2932142000EFD017 /* Tried-ScrollView-with-ImageViewUITests.xctest */;
			productType = "com.apple.product-type.bundle.ui-testing";
		};
/* End PBXNativeTarget section */

/* Begin PBXProject section */
		6C7C30062932141F00EFD017 /* Project object */ = {
			isa = PBXProject;
			attributes = {
				BuildIndependentTargetsInParallel = 1;
				LastSwiftUpdateCheck = 1330;
				LastUpgradeCheck = 1330;
				TargetAttributes = {
					6C7C300D2932141F00EFD017 = {
						CreatedOnToolsVersion = 13.3.1;
					};
					6C7C30232932142000EFD017 = {
						CreatedOnToolsVersion = 13.3.1;
						TestTargetID = 6C7C300D2932141F00EFD017;
					};
					6C7C302D2932142000EFD017 = {
						CreatedOnToolsVersion = 13.3.1;
						TestTargetID = 6C7C300D2932141F00EFD017;
					};
				};
			};
			buildConfigurationList = 6C7C30092932141F00EFD017 /* Build configuration list for PBXProject "Tried-ScrollView-with-ImageView" */;
			compatibilityVersion = "Xcode 13.0";
			developmentRegion = en;
			hasScannedForEncodings = 0;
			knownRegions = (
				en,
				Base,
			);
			mainGroup = 6C7C30052932141F00EFD017;
			productRefGroup = 6C7C300F2932141F00EFD017 /* Products */;
			projectDirPath = "";
			projectRoot = "";
			targets = (
				6C7C300D2932141F00EFD017 /* Tried-ScrollView-with-ImageView */,
				6C7C30232932142000EFD017 /* Tried-ScrollView-with-ImageViewTests */,
				6C7C302D2932142000EFD017 /* Tried-ScrollView-with-ImageViewUITests */,
			);
		};
/* End PBXProject section */

/* Begin PBXResourcesBuildPhase section */
		6C7C300C2932141F00EFD017 /* Resources */ = {
			isa = PBXResourcesBuildPhase;
			buildActionMask = 2147483647;
			files = (
				6C7C301B2932142000EFD017 /* Assets.xcassets in Resources */,
			);
			runOnlyForDeploymentPostprocessing = 0;
		};
		6C7C30222932142000EFD017 /* Resources */ = {
			isa = PBXResourcesBuildPhase;
			buildActionMask = 2147483647;
			files = (
			);
			runOnlyForDeploymentPostprocessing = 0;
		};
		6C7C302C2932142000EFD017 /* Resources */ = {
			isa = PBXResourcesBuildPhase;
			buildActionMask = 2147483647;
			files = (
			);
			runOnlyForDeploymentPostprocessing = 0;
		};
/* End PBXResourcesBuildPhase section */

/* Begin PBXSourcesBuildPhase section */
		6C7C300A2932141F00EFD017 /* Sources */ = {
			isa = PBXSourcesBuildPhase;
			buildActionMask = 2147483647;
			files = (
				6C7C304529321D0F00EFD017 /* UIView+Additions.swift in Sources */,
				6C7C30162932141F00EFD017 /* ViewController.swift in Sources */,
				6C7C304329321CA900EFD017 /* CustomImageView.swift in Sources */,
				6C7C30122932141F00EFD017 /* AppDelegate.swift in Sources */,
				6C7C30142932141F00EFD017 /* SceneDelegate.swift in Sources */,
			);
			runOnlyForDeploymentPostprocessing = 0;
		};
		6C7C30202932142000EFD017 /* Sources */ = {
			isa = PBXSourcesBuildPhase;
			buildActionMask = 2147483647;
			files = (
				6C7C30292932142000EFD017 /* Tried_ScrollView_with_ImageViewTests.swift in Sources */,
			);
			runOnlyForDeploymentPostprocessing = 0;
		};
		6C7C302A2932142000EFD017 /* Sources */ = {
			isa = PBXSourcesBuildPhase;
			buildActionMask = 2147483647;
			files = (
				6C7C30352932142000EFD017 /* Tried_ScrollView_with_ImageViewUITestsLaunchTests.swift in Sources */,
				6C7C30332932142000EFD017 /* Tried_ScrollView_with_ImageViewUITests.swift in Sources */,
			);
			runOnlyForDeploymentPostprocessing = 0;
		};
/* End PBXSourcesBuildPhase section */

/* Begin PBXTargetDependency section */
		6C7C30262932142000EFD017 /* PBXTargetDependency */ = {
			isa = PBXTargetDependency;
			target = 6C7C300D2932141F00EFD017 /* Tried-ScrollView-with-ImageView */;
			targetProxy = 6C7C30252932142000EFD017 /* PBXContainerItemProxy */;
		};
		6C7C30302932142000EFD017 /* PBXTargetDependency */ = {
			isa = PBXTargetDependency;
			target = 6C7C300D2932141F00EFD017 /* Tried-ScrollView-with-ImageView */;
			targetProxy = 6C7C302F2932142000EFD017 /* PBXContainerItemProxy */;
		};
/* End PBXTargetDependency section */

/* Begin XCBuildConfiguration section */
		6C7C30362932142000EFD017 /* Debug */ = {
			isa = XCBuildConfiguration;
			buildSettings = {
				ALWAYS_SEARCH_USER_PATHS = NO;
				CLANG_ANALYZER_NONNULL = YES;
				CLANG_ANALYZER_NUMBER_OBJECT_CONVERSION = YES_AGGRESSIVE;
				CLANG_CXX_LANGUAGE_STANDARD = "gnu++17";
				CLANG_ENABLE_MODULES = YES;
				CLANG_ENABLE_OBJC_ARC = YES;
				CLANG_ENABLE_OBJC_WEAK = YES;
				CLANG_WARN_BLOCK_CAPTURE_AUTORELEASING = YES;
				CLANG_WARN_BOOL_CONVERSION = YES;
				CLANG_WARN_COMMA = YES;
				CLANG_WARN_CONSTANT_CONVERSION = YES;
				CLANG_WARN_DEPRECATED_OBJC_IMPLEMENTATIONS = YES;
				CLANG_WARN_DIRECT_OBJC_ISA_USAGE = YES_ERROR;
				CLANG_WARN_DOCUMENTATION_COMMENTS = YES;
				CLANG_WARN_EMPTY_BODY = YES;
				CLANG_WARN_ENUM_CONVERSION = YES;
				CLANG_WARN_INFINITE_RECURSION = YES;
				CLANG_WARN_INT_CONVERSION = YES;
				CLANG_WARN_NON_LITERAL_NULL_CONVERSION = YES;
				CLANG_WARN_OBJC_IMPLICIT_RETAIN_SELF = YES;
				CLANG_WARN_OBJC_LITERAL_CONVERSION = YES;
				CLANG_WARN_OBJC_ROOT_CLASS = YES_ERROR;
				CLANG_WARN_QUOTED_INCLUDE_IN_FRAMEWORK_HEADER = YES;
				CLANG_WARN_RANGE_LOOP_ANALYSIS = YES;
				CLANG_WARN_STRICT_PROTOTYPES = YES;
				CLANG_WARN_SUSPICIOUS_MOVE = YES;
				CLANG_WARN_UNGUARDED_AVAILABILITY = YES_AGGRESSIVE;
				CLANG_WARN_UNREACHABLE_CODE = YES;
				CLANG_WARN__DUPLICATE_METHOD_MATCH = YES;
				COPY_PHASE_STRIP = NO;
				DEBUG_INFORMATION_FORMAT = dwarf;
				ENABLE_STRICT_OBJC_MSGSEND = YES;
				ENABLE_TESTABILITY = YES;
				GCC_C_LANGUAGE_STANDARD = gnu11;
				GCC_DYNAMIC_NO_PIC = NO;
				GCC_NO_COMMON_BLOCKS = YES;
				GCC_OPTIMIZATION_LEVEL = 0;
				GCC_PREPROCESSOR_DEFINITIONS = (
					"DEBUG=1",
					"$(inherited)",
				);
				GCC_WARN_64_TO_32_BIT_CONVERSION = YES;
				GCC_WARN_ABOUT_RETURN_TYPE = YES_ERROR;
				GCC_WARN_UNDECLARED_SELECTOR = YES;
				GCC_WARN_UNINITIALIZED_AUTOS = YES_AGGRESSIVE;
				GCC_WARN_UNUSED_FUNCTION = YES;
				GCC_WARN_UNUSED_VARIABLE = YES;
				IPHONEOS_DEPLOYMENT_TARGET = 15.4;
				MTL_ENABLE_DEBUG_INFO = INCLUDE_SOURCE;
				MTL_FAST_MATH = YES;
				ONLY_ACTIVE_ARCH = YES;
				SDKROOT = iphoneos;
				SWIFT_ACTIVE_COMPILATION_CONDITIONS = DEBUG;
				SWIFT_OPTIMIZATION_LEVEL = "-Onone";
			};
			name = Debug;
		};
		6C7C30372932142000EFD017 /* Release */ = {
			isa = XCBuildConfiguration;
			buildSettings = {
				ALWAYS_SEARCH_USER_PATHS = NO;
				CLANG_ANALYZER_NONNULL = YES;
				CLANG_ANALYZER_NUMBER_OBJECT_CONVERSION = YES_AGGRESSIVE;
				CLANG_CXX_LANGUAGE_STANDARD = "gnu++17";
				CLANG_ENABLE_MODULES = YES;
				CLANG_ENABLE_OBJC_ARC = YES;
				CLANG_ENABLE_OBJC_WEAK = YES;
				CLANG_WARN_BLOCK_CAPTURE_AUTORELEASING = YES;
				CLANG_WARN_BOOL_CONVERSION = YES;
				CLANG_WARN_COMMA = YES;
				CLANG_WARN_CONSTANT_CONVERSION = YES;
				CLANG_WARN_DEPRECATED_OBJC_IMPLEMENTATIONS = YES;
				CLANG_WARN_DIRECT_OBJC_ISA_USAGE = YES_ERROR;
				CLANG_WARN_DOCUMENTATION_COMMENTS = YES;
				CLANG_WARN_EMPTY_BODY = YES;
				CLANG_WARN_ENUM_CONVERSION = YES;
				CLANG_WARN_INFINITE_RECURSION = YES;
				CLANG_WARN_INT_CONVERSION = YES;
				CLANG_WARN_NON_LITERAL_NULL_CONVERSION = YES;
				CLANG_WARN_OBJC_IMPLICIT_RETAIN_SELF = YES;
				CLANG_WARN_OBJC_LITERAL_CONVERSION = YES;
				CLANG_WARN_OBJC_ROOT_CLASS = YES_ERROR;
				CLANG_WARN_QUOTED_INCLUDE_IN_FRAMEWORK_HEADER = YES;
				CLANG_WARN_RANGE_LOOP_ANALYSIS = YES;
				CLANG_WARN_STRICT_PROTOTYPES = YES;
				CLANG_WARN_SUSPICIOUS_MOVE = YES;
				CLANG_WARN_UNGUARDED_AVAILABILITY = YES_AGGRESSIVE;
				CLANG_WARN_UNREACHABLE_CODE = YES;
				CLANG_WARN__DUPLICATE_METHOD_MATCH = YES;
				COPY_PHASE_STRIP = NO;
				DEBUG_INFORMATION_FORMAT = "dwarf-with-dsym";
				ENABLE_NS_ASSERTIONS = NO;
				ENABLE_STRICT_OBJC_MSGSEND = YES;
				GCC_C_LANGUAGE_STANDARD = gnu11;
				GCC_NO_COMMON_BLOCKS = YES;
				GCC_WARN_64_TO_32_BIT_CONVERSION = YES;
				GCC_WARN_ABOUT_RETURN_TYPE = YES_ERROR;
				GCC_WARN_UNDECLARED_SELECTOR = YES;
				GCC_WARN_UNINITIALIZED_AUTOS = YES_AGGRESSIVE;
				GCC_WARN_UNUSED_FUNCTION = YES;
				GCC_WARN_UNUSED_VARIABLE = YES;
				IPHONEOS_DEPLOYMENT_TARGET = 15.4;
				MTL_ENABLE_DEBUG_INFO = NO;
				MTL_FAST_MATH = YES;
				SDKROOT = iphoneos;
				SWIFT_COMPILATION_MODE = wholemodule;
				SWIFT_OPTIMIZATION_LEVEL = "-O";
				VALIDATE_PRODUCT = YES;
			};
			name = Release;
		};
		6C7C30392932142000EFD017 /* Debug */ = {
			isa = XCBuildConfiguration;
			buildSettings = {
				ASSETCATALOG_COMPILER_APPICON_NAME = AppIcon;
				ASSETCATALOG_COMPILER_GLOBAL_ACCENT_COLOR_NAME = AccentColor;
				CODE_SIGN_STYLE = Automatic;
				CURRENT_PROJECT_VERSION = 1;
				GENERATE_INFOPLIST_FILE = YES;
				INFOPLIST_FILE = "Tried-ScrollView-with-ImageView/Info.plist";
				INFOPLIST_KEY_UIApplicationSupportsIndirectInputEvents = YES;
				INFOPLIST_KEY_UISupportedInterfaceOrientations_iPad = "UIInterfaceOrientationPortrait UIInterfaceOrientationPortraitUpsideDown UIInterfaceOrientationLandscapeLeft UIInterfaceOrientationLandscapeRight";
				INFOPLIST_KEY_UISupportedInterfaceOrientations_iPhone = "UIInterfaceOrientationPortrait UIInterfaceOrientationLandscapeLeft UIInterfaceOrientationLandscapeRight";
				LD_RUNPATH_SEARCH_PATHS = (
					"$(inherited)",
					"@executable_path/Frameworks",
				);
				MARKETING_VERSION = 1.0;
				PRODUCT_BUNDLE_IDENTIFIER = "com.routeflags.Tried-ScrollView-with-ImageView";
				PRODUCT_NAME = "$(TARGET_NAME)";
				SWIFT_EMIT_LOC_STRINGS = YES;
				SWIFT_VERSION = 5.0;
				TARGETED_DEVICE_FAMILY = 1;
			};
			name = Debug;
		};
		6C7C303A2932142000EFD017 /* Release */ = {
			isa = XCBuildConfiguration;
			buildSettings = {
				ASSETCATALOG_COMPILER_APPICON_NAME = AppIcon;
				ASSETCATALOG_COMPILER_GLOBAL_ACCENT_COLOR_NAME = AccentColor;
				CODE_SIGN_STYLE = Automatic;
				CURRENT_PROJECT_VERSION = 1;
				GENERATE_INFOPLIST_FILE = YES;
				INFOPLIST_FILE = "Tried-ScrollView-with-ImageView/Info.plist";
				INFOPLIST_KEY_UIApplicationSupportsIndirectInputEvents = YES;
				INFOPLIST_KEY_UISupportedInterfaceOrientations_iPad = "UIInterfaceOrientationPortrait UIInterfaceOrientationPortraitUpsideDown UIInterfaceOrientationLandscapeLeft UIInterfaceOrientationLandscapeRight";
				INFOPLIST_KEY_UISupportedInterfaceOrientations_iPhone = "UIInterfaceOrientationPortrait UIInterfaceOrientationLandscapeLeft UIInterfaceOrientationLandscapeRight";
				LD_RUNPATH_SEARCH_PATHS = (
					"$(inherited)",
					"@executable_path/Frameworks",
				);
				MARKETING_VERSION = 1.0;
				PRODUCT_BUNDLE_IDENTIFIER = "com.routeflags.Tried-ScrollView-with-ImageView";
				PRODUCT_NAME = "$(TARGET_NAME)";
				SWIFT_EMIT_LOC_STRINGS = YES;
				SWIFT_VERSION = 5.0;
				TARGETED_DEVICE_FAMILY = 1;
			};
			name = Release;
		};
		6C7C303C2932142000EFD017 /* Debug */ = {
			isa = XCBuildConfiguration;
			buildSettings = {
				ALWAYS_EMBED_SWIFT_STANDARD_LIBRARIES = YES;
				BUNDLE_LOADER = "$(TEST_HOST)";
				CODE_SIGN_STYLE = Automatic;
				CURRENT_PROJECT_VERSION = 1;
				GENERATE_INFOPLIST_FILE = YES;
				IPHONEOS_DEPLOYMENT_TARGET = 15.4;
				MARKETING_VERSION = 1.0;
				PRODUCT_BUNDLE_IDENTIFIER = "com.routeflags.Tried-ScrollView-with-ImageViewTests";
				PRODUCT_NAME = "$(TARGET_NAME)";
				SWIFT_EMIT_LOC_STRINGS = NO;
				SWIFT_VERSION = 5.0;
				TARGETED_DEVICE_FAMILY = "1,2";
				TEST_HOST = "$(BUILT_PRODUCTS_DIR)/Tried-ScrollView-with-ImageView.app/Tried-ScrollView-with-ImageView";
			};
			name = Debug;
		};
		6C7C303D2932142000EFD017 /* Release */ = {
			isa = XCBuildConfiguration;
			buildSettings = {
				ALWAYS_EMBED_SWIFT_STANDARD_LIBRARIES = YES;
				BUNDLE_LOADER = "$(TEST_HOST)";
				CODE_SIGN_STYLE = Automatic;
				CURRENT_PROJECT_VERSION = 1;
				GENERATE_INFOPLIST_FILE = YES;
				IPHONEOS_DEPLOYMENT_TARGET = 15.4;
				MARKETING_VERSION = 1.0;
				PRODUCT_BUNDLE_IDENTIFIER = "com.routeflags.Tried-ScrollView-with-ImageViewTests";
				PRODUCT_NAME = "$(TARGET_NAME)";
				SWIFT_EMIT_LOC_STRINGS = NO;
				SWIFT_VERSION = 5.0;
				TARGETED_DEVICE_FAMILY = "1,2";
				TEST_HOST = "$(BUILT_PRODUCTS_DIR)/Tried-ScrollView-with-ImageView.app/Tried-ScrollView-with-ImageView";
			};
			name = Release;
		};
		6C7C303F2932142000EFD017 /* Debug */ = {
			isa = XCBuildConfiguration;
			buildSettings = {
				ALWAYS_EMBED_SWIFT_STANDARD_LIBRARIES = YES;
				CODE_SIGN_STYLE = Automatic;
				CURRENT_PROJECT_VERSION = 1;
				GENERATE_INFOPLIST_FILE = YES;
				MARKETING_VERSION = 1.0;
				PRODUCT_BUNDLE_IDENTIFIER = "com.routeflags.Tried-ScrollView-with-ImageViewUITests";
				PRODUCT_NAME = "$(TARGET_NAME)";
				SWIFT_EMIT_LOC_STRINGS = NO;
				SWIFT_VERSION = 5.0;
				TARGETED_DEVICE_FAMILY = "1,2";
				TEST_TARGET_NAME = "Tried-ScrollView-with-ImageView";
			};
			name = Debug;
		};
		6C7C30402932142000EFD017 /* Release */ = {
			isa = XCBuildConfiguration;
			buildSettings = {
				ALWAYS_EMBED_SWIFT_STANDARD_LIBRARIES = YES;
				CODE_SIGN_STYLE = Automatic;
				CURRENT_PROJECT_VERSION = 1;
				GENERATE_INFOPLIST_FILE = YES;
				MARKETING_VERSION = 1.0;
				PRODUCT_BUNDLE_IDENTIFIER = "com.routeflags.Tried-ScrollView-with-ImageViewUITests";
				PRODUCT_NAME = "$(TARGET_NAME)";
				SWIFT_EMIT_LOC_STRINGS = NO;
				SWIFT_VERSION = 5.0;
				TARGETED_DEVICE_FAMILY = "1,2";
				TEST_TARGET_NAME = "Tried-ScrollView-with-ImageView";
			};
			name = Release;
		};
/* End XCBuildConfiguration section */

/* Begin XCConfigurationList section */
		6C7C30092932141F00EFD017 /* Build configuration list for PBXProject "Tried-ScrollView-with-ImageView" */ = {
			isa = XCConfigurationList;
			buildConfigurations = (
				6C7C30362932142000EFD017 /* Debug */,
				6C7C30372932142000EFD017 /* Release */,
			);
			defaultConfigurationIsVisible = 0;
			defaultConfigurationName = Release;
		};
		6C7C30382932142000EFD017 /* Build configuration list for PBXNativeTarget "Tried-ScrollView-with-ImageView" */ = {
			isa = XCConfigurationList;
			buildConfigurations = (
				6C7C30392932142000EFD017 /* Debug */,
				6C7C303A2932142000EFD017 /* Release */,
			);
			defaultConfigurationIsVisible = 0;
			defaultConfigurationName = Release;
		};
		6C7C303B2932142000EFD017 /* Build configuration list for PBXNativeTarget "Tried-ScrollView-with-ImageViewTests" */ = {
			isa = XCConfigurationList;
			buildConfigurations = (
				6C7C303C2932142000EFD017 /* Debug */,
				6C7C303D2932142000EFD017 /* Release */,
			);
			defaultConfigurationIsVisible = 0;
			defaultConfigurationName = Release;
		};
		6C7C303E2932142000EFD017 /* Build configuration list for PBXNativeTarget "Tried-ScrollView-with-ImageViewUITests" */ = {
			isa = XCConfigurationList;
			buildConfigurations = (
				6C7C303F2932142000EFD017 /* Debug */,
				6C7C30402932142000EFD017 /* Release */,
			);
			defaultConfigurationIsVisible = 0;
			defaultConfigurationName = Release;
		};
/* End XCConfigurationList section */
	};
	rootObject = 6C7C30062932141F00EFD017 /* Project object */;
}
